# generated by rye
# use `rye lock` or `rye sync` to update this lockfile
#
# last locked with the following flags:
#   pre: false
#   features: []
#   all-features: false
#   with-sources: false

-e file:.
certifi==2024.8.30
    # via requests
charset-normalizer==3.4.0
    # via requests
idna==3.10
    # via requests
python-dateutil==2.9.0.post0
    # via trade-bot
requests==2.32.3
    # via trade-bot
ruff==0.7.2
    # via trade-bot
six==1.16.0
    # via python-dateutil
urllib3==2.2.3
    # via requests
websockets==13.1
    # via trade-bot
